github.com/joho/godotenv v1.5.1 h1:7eLL/+HRGLY0ldzfGMeQkb7vMd0as4CfYvUVzLqw0N0=
github.com/joho/godotenv v1.5.1/go.mod h1:f4LDr5Voq0i2e/R5DDNOoa2zzDfwtkZa6DnEwAbqwq4=
github.com/luciano-personal-org/config v0.1.1 h1:y93zrWV/KGUFliiLVWXUdbU4KkWsnEacomAFcQ12qak=
github.com/luciano-personal-org/config v0.1.1/go.mod h1:00ajkybJT4mcC/ZGIO+qNcds/gjjGKVHWqwnq93XC8I=
github.com/luciano-personal-org/exception v0.1.0 h1:msE7gH6rR92ldCtEo33xLwaQY9wNF5gzmG5w7AqsCPs=
github.com/luciano-personal-org/exception v0.1.0/go.mod h1:r/0gZlL8jvnRE6Z+6NDFXNtqR76Z6D5E5ffvXCwUcj8=
github.com/luciano-personal-org/exception v0.1.4 h1:v/JTJKr+9Cal5km/b9zlV7lXW9z7Hd9khLmwAfSM0Wc=
github.com/luciano-personal-org/exception v0.1.4/go.mod h1:r/0gZlL8jvnRE6Z+6NDFXNtqR76Z6D5E5ffvXCwUcj8=
github.com/luciano-personal-org/exception v0.1.5 h1:HyhfVOYeaArRnpVGgqLAI7TSkYqpXH62ElihC9GCYUE=
github.com/luciano-personal-org/exception v0.1.5/go.mod h1:r/0gZlL8jvnRE6Z+6NDFXNtqR76Z6D5E5ffvXCwUcj8=
github.com/luciano-personal-org/exception v0.1.6 h1:APdMTv2rNNw9PD63Jn+RglH1gJ8F/aedzRiGoSRp37U=
github.com/luciano-personal-org/exception v0.1.6/go.mod h1:r/0gZlL8jvnRE6Z+6NDFXNtqR76Z6D5E5ffvXCwUcj8=
github.com/luciano-personal-org/exception v0.1.7 h1:7PoMRhxxlNhwVJwZGE3y1mJ6BWFUIVaD4pK1rwxUXmA=
github.com/luciano-personal-org/exception v0.1.7/go.mod h1:r/0gZlL8jvnRE6Z+6NDFXNtqR76Z6D5E5ffvXCwUcj8=
github.com/luciano-personal-org/exception v0.1.8 h1:AFuFnVVk/e49H8owns6sP+FvgESj11yqHW20firN/Q4=
github.com/luciano-personal-org/exception v0.1.8/go.mod h1:r/0gZlL8jvnRE6Z+6NDFXNtqR76Z6D5E5ffvXCwUcj8=
